
Microsoft Visual Studio Solution File, Format Version 12.00
# Visual Studio Version 16
VisualStudioVersion = 16.0.29411.108
MinimumVisualStudioVersion = 10.0.40219.1
Project("{FAE04EC0-301F-11D3-BF4B-00C04F79EFBC}") = "CongQuanLyDoAn_ThucTap", "CongQuanLyDoAn_ThucTap\CongQuanLyDoAn_ThucTap.csproj", "{98C78DF4-0A71-45A7-9EFC-2C6B7FE03EC0}"
EndProject
Project("{FAE04EC0-301F-11D3-BF4B-00C04F79EFBC}") = "Model", "Model\Model.csproj", "{9EC4E6C9-9D34-4007-B284-ABF0DEBA4569}"
EndProject
Global
	GlobalSection(SolutionConfigurationPlatforms) = preSolution
		Debug|Any CPU = Debug|Any CPU
		Release|Any CPU = Release|Any CPU
	EndGlobalSection
	GlobalSection(ProjectConfigurationPlatforms) = postSolution
		{98C78DF4-0A71-45A7-9EFC-2C6B7FE03EC0}.Debug|Any CPU.ActiveCfg = Debug|Any CPU
		{98C78DF4-0A71-45A7-9EFC-2C6B7FE03EC0}.Debug|Any CPU.Build.0 = Debug|Any CPU
		{98C78DF4-0A71-45A7-9EFC-2C6B7FE03EC0}.Release|Any CPU.ActiveCfg = Release|Any CPU
		{98C78DF4-0A71-45A7-9EFC-2C6B7FE03EC0}.Release|Any CPU.Build.0 = Release|Any CPU
		{9EC4E6C9-9D34-4007-B284-ABF0DEBA4569}.Debug|Any CPU.ActiveCfg = Debug|Any CPU
		{9EC4E6C9-9D34-4007-B284-ABF0DEBA4569}.Debug|Any CPU.Build.0 = Debug|Any CPU
		{9EC4E6C9-9D34-4007-B284-ABF0DEBA4569}.Release|Any CPU.ActiveCfg = Release|Any CPU
		{9EC4E6C9-9D34-4007-B284-ABF0DEBA4569}.Release|Any CPU.Build.0 = Release|Any CPU
	EndGlobalSection
	GlobalSection(SolutionProperties) = preSolution
		HideSolutionNode = FALSE
	EndGlobalSection
	GlobalSection(ExtensibilityGlobals) = postSolution
		SolutionGuid = {5A3F3225-170D-4A83-AAB1-CA838A1F3611}
	EndGlobalSection
EndGlobal
